
Microsoft Visual Studio Solution File, Format Version 12.00
# Visual Studio Version 17
VisualStudioVersion = 17.0.31903.59
MinimumVisualStudioVersion = 10.0.40219.1
Project("{FAE04EC0-301F-11D3-BF4B-00C04F79EFBC}") = "RoomDesigner.WebApi", "RoomDesigner.WebApi\RoomDesigner.WebApi.csproj", "{59E2739C-9353-4E19-81C5-046F11C476EE}"
EndProject
Project("{FAE04EC0-301F-11D3-BF4B-00C04F79EFBC}") = "Ui.Maui", "Ui.Maui\Ui.Maui.csproj", "{E91502E6-C9D1-4A72-B3A0-B57F990DE5F3}"
EndProject
Global
	GlobalSection(SolutionConfigurationPlatforms) = preSolution
		Debug|Any CPU = Debug|Any CPU
		Release|Any CPU = Release|Any CPU
	EndGlobalSection
	GlobalSection(ProjectConfigurationPlatforms) = postSolution
		{59E2739C-9353-4E19-81C5-046F11C476EE}.Debug|Any CPU.ActiveCfg = Debug|Any CPU
		{59E2739C-9353-4E19-81C5-046F11C476EE}.Debug|Any CPU.Build.0 = Debug|Any CPU
		{59E2739C-9353-4E19-81C5-046F11C476EE}.Release|Any CPU.ActiveCfg = Release|Any CPU
		{59E2739C-9353-4E19-81C5-046F11C476EE}.Release|Any CPU.Build.0 = Release|Any CPU
		{E91502E6-C9D1-4A72-B3A0-B57F990DE5F3}.Debug|Any CPU.ActiveCfg = Debug|Any CPU
		{E91502E6-C9D1-4A72-B3A0-B57F990DE5F3}.Debug|Any CPU.Build.0 = Debug|Any CPU
		{E91502E6-C9D1-4A72-B3A0-B57F990DE5F3}.Debug|Any CPU.Deploy.0 = Debug|Any CPU
		{E91502E6-C9D1-4A72-B3A0-B57F990DE5F3}.Release|Any CPU.ActiveCfg = Release|Any CPU
		{E91502E6-C9D1-4A72-B3A0-B57F990DE5F3}.Release|Any CPU.Build.0 = Release|Any CPU
	EndGlobalSection
	GlobalSection(SolutionProperties) = preSolution
		HideSolutionNode = FALSE
	EndGlobalSection
EndGlobal
